// !$*UTF8*$!
{
	archiveVersion = 1;
	classes = {
	};
	objectVersion = 46;
	objects = {

/* Begin PBXBuildFile section */
		14684FA11BD4591C003F1D13 /* ViewController.swift in Sources */ = {isa = PBXBuildFile; fileRef = 14684FA01BD4591C003F1D13 /* ViewController.swift */; settings = {ASSET_TAGS = (); }; };
		14A139B41AEFC72B00AD732F /* Tests.swift in Sources */ = {isa = PBXBuildFile; fileRef = 14A139B31AEFC72B00AD732F /* Tests.swift */; };
		14A330601BD450DE00E3CB23 /* Model.xcdatamodeld in Sources */ = {isa = PBXBuildFile; fileRef = 14A3305E1BD450DE00E3CB23 /* Model.xcdatamodeld */; settings = {ASSET_TAGS = (); }; };
		14AED4311BD451E1000984E4 /* DATAStack.swift in Sources */ = {isa = PBXBuildFile; fileRef = 14AED4301BD451E1000984E4 /* DATAStack.swift */; settings = {ASSET_TAGS = (); }; };
		14AED43F1BD45460000984E4 /* main.m in Sources */ = {isa = PBXBuildFile; fileRef = 14AED43E1BD45460000984E4 /* main.m */; };
		14AED4421BD45460000984E4 /* AppDelegate.m in Sources */ = {isa = PBXBuildFile; fileRef = 14AED4411BD45460000984E4 /* AppDelegate.m */; };
		14AED4451BD45460000984E4 /* DemoObjectiveC.xcdatamodeld in Sources */ = {isa = PBXBuildFile; fileRef = 14AED4431BD45460000984E4 /* DemoObjectiveC.xcdatamodeld */; };
		14AED4471BD45460000984E4 /* Assets.xcassets in Resources */ = {isa = PBXBuildFile; fileRef = 14AED4461BD45460000984E4 /* Assets.xcassets */; };
		14AED44A1BD45460000984E4 /* LaunchScreen.storyboard in Resources */ = {isa = PBXBuildFile; fileRef = 14AED4481BD45460000984E4 /* LaunchScreen.storyboard */; };
		14AED4561BD45468000984E4 /* AppDelegate.swift in Sources */ = {isa = PBXBuildFile; fileRef = 14AED4551BD45468000984E4 /* AppDelegate.swift */; };
		14AED4591BD45468000984E4 /* DemoSwift.xcdatamodeld in Sources */ = {isa = PBXBuildFile; fileRef = 14AED4571BD45468000984E4 /* DemoSwift.xcdatamodeld */; };
		14AED45B1BD45468000984E4 /* Assets.xcassets in Resources */ = {isa = PBXBuildFile; fileRef = 14AED45A1BD45468000984E4 /* Assets.xcassets */; };
		14AED45E1BD45468000984E4 /* LaunchScreen.storyboard in Resources */ = {isa = PBXBuildFile; fileRef = 14AED45C1BD45468000984E4 /* LaunchScreen.storyboard */; };
		14E50EA41BD4555400B7F17D /* ViewController.m in Sources */ = {isa = PBXBuildFile; fileRef = 14E50EA31BD4555400B7F17D /* ViewController.m */; settings = {ASSET_TAGS = (); }; };
		14E50EA51BD455A600B7F17D /* DATAStack.swift in Sources */ = {isa = PBXBuildFile; fileRef = 14AED4301BD451E1000984E4 /* DATAStack.swift */; settings = {ASSET_TAGS = (); }; };
		14E50EA61BD455A700B7F17D /* DATAStack.swift in Sources */ = {isa = PBXBuildFile; fileRef = 14AED4301BD451E1000984E4 /* DATAStack.swift */; settings = {ASSET_TAGS = (); }; };
		53716006C9F9FC175D1566A0 /* Pods.framework in Frameworks */ = {isa = PBXBuildFile; fileRef = CE51205883F40633FEDD15B7 /* Pods.framework */; };
		9E823F514C4D1836AE400441 /* Pods.framework in Frameworks */ = {isa = PBXBuildFile; fileRef = CE51205883F40633FEDD15B7 /* Pods.framework */; };
		E09AE61043C33F459EE8B99C /* Pods.framework in Frameworks */ = {isa = PBXBuildFile; fileRef = CE51205883F40633FEDD15B7 /* Pods.framework */; };
/* End PBXBuildFile section */

/* Begin PBXFileReference section */
		14684FA01BD4591C003F1D13 /* ViewController.swift */ = {isa = PBXFileReference; fileEncoding = 4; lastKnownFileType = sourcecode.swift; path = ViewController.swift; sourceTree = "<group>"; };
		146D72AC1AB782920058798C /* Tests.xctest */ = {isa = PBXFileReference; explicitFileType = wrapper.cfbundle; includeInIndex = 0; path = Tests.xctest; sourceTree = BUILT_PRODUCTS_DIR; };
		146D72B11AB782920058798C /* Info.plist */ = {isa = PBXFileReference; lastKnownFileType = text.plist.xml; path = Info.plist; sourceTree = "<group>"; };
		14A139B31AEFC72B00AD732F /* Tests.swift */ = {isa = PBXFileReference; fileEncoding = 4; lastKnownFileType = sourcecode.swift; path = Tests.swift; sourceTree = "<group>"; };
		14A3305F1BD450DE00E3CB23 /* Model.xcdatamodel */ = {isa = PBXFileReference; lastKnownFileType = wrapper.xcdatamodel; path = Model.xcdatamodel; sourceTree = "<group>"; };
		14AED4301BD451E1000984E4 /* DATAStack.swift */ = {isa = PBXFileReference; fileEncoding = 4; lastKnownFileType = sourcecode.swift; path = DATAStack.swift; sourceTree = "<group>"; };
		14AED43B1BD45460000984E4 /* DemoObjectiveC.app */ = {isa = PBXFileReference; explicitFileType = wrapper.application; includeInIndex = 0; path = DemoObjectiveC.app; sourceTree = BUILT_PRODUCTS_DIR; };
		14AED43E1BD45460000984E4 /* main.m */ = {isa = PBXFileReference; lastKnownFileType = sourcecode.c.objc; path = main.m; sourceTree = "<group>"; };
		14AED4401BD45460000984E4 /* AppDelegate.h */ = {isa = PBXFileReference; lastKnownFileType = sourcecode.c.h; path = AppDelegate.h; sourceTree = "<group>"; };
		14AED4411BD45460000984E4 /* AppDelegate.m */ = {isa = PBXFileReference; lastKnownFileType = sourcecode.c.objc; path = AppDelegate.m; sourceTree = "<group>"; };
		14AED4441BD45460000984E4 /* DemoObjectiveC.xcdatamodel */ = {isa = PBXFileReference; lastKnownFileType = wrapper.xcdatamodel; path = DemoObjectiveC.xcdatamodel; sourceTree = "<group>"; };
		14AED4461BD45460000984E4 /* Assets.xcassets */ = {isa = PBXFileReference; lastKnownFileType = folder.assetcatalog; path = Assets.xcassets; sourceTree = "<group>"; };
		14AED4491BD45460000984E4 /* Base */ = {isa = PBXFileReference; lastKnownFileType = file.storyboard; name = Base; path = Base.lproj/LaunchScreen.storyboard; sourceTree = "<group>"; };
		14AED44B1BD45460000984E4 /* Info.plist */ = {isa = PBXFileReference; lastKnownFileType = text.plist.xml; path = Info.plist; sourceTree = "<group>"; };
		14AED4531BD45468000984E4 /* DemoSwift.app */ = {isa = PBXFileReference; explicitFileType = wrapper.application; includeInIndex = 0; path = DemoSwift.app; sourceTree = BUILT_PRODUCTS_DIR; };
		14AED4551BD45468000984E4 /* AppDelegate.swift */ = {isa = PBXFileReference; lastKnownFileType = sourcecode.swift; path = AppDelegate.swift; sourceTree = "<group>"; };
		14AED4581BD45468000984E4 /* DemoSwift.xcdatamodel */ = {isa = PBXFileReference; lastKnownFileType = wrapper.xcdatamodel; path = DemoSwift.xcdatamodel; sourceTree = "<group>"; };
		14AED45A1BD45468000984E4 /* Assets.xcassets */ = {isa = PBXFileReference; lastKnownFileType = folder.assetcatalog; path = Assets.xcassets; sourceTree = "<group>"; };
		14AED45D1BD45468000984E4 /* Base */ = {isa = PBXFileReference; lastKnownFileType = file.storyboard; name = Base; path = Base.lproj/LaunchScreen.storyboard; sourceTree = "<group>"; };
		14AED45F1BD45468000984E4 /* Info.plist */ = {isa = PBXFileReference; lastKnownFileType = text.plist.xml; path = Info.plist; sourceTree = "<group>"; };
		14C136511AB784B200B7B07A /* .travis.yml */ = {isa = PBXFileReference; fileEncoding = 4; lastKnownFileType = text; name = .travis.yml; path = ../.travis.yml; sourceTree = "<group>"; };
		14C136521AB784B200B7B07A /* CONTRIBUTING.md */ = {isa = PBXFileReference; fileEncoding = 4; lastKnownFileType = net.daringfireball.markdown; name = CONTRIBUTING.md; path = ../CONTRIBUTING.md; sourceTree = "<group>"; };
		14C136541AB784B200B7B07A /* LICENSE.md */ = {isa = PBXFileReference; fileEncoding = 4; lastKnownFileType = net.daringfireball.markdown; name = LICENSE.md; path = ../LICENSE.md; sourceTree = "<group>"; };
		14C136551AB784B200B7B07A /* README.md */ = {isa = PBXFileReference; fileEncoding = 4; lastKnownFileType = net.daringfireball.markdown; name = README.md; path = ../README.md; sourceTree = "<group>"; };
		14E50EA21BD4555400B7F17D /* ViewController.h */ = {isa = PBXFileReference; fileEncoding = 4; lastKnownFileType = sourcecode.c.h; path = ViewController.h; sourceTree = "<group>"; };
		14E50EA31BD4555400B7F17D /* ViewController.m */ = {isa = PBXFileReference; fileEncoding = 4; lastKnownFileType = sourcecode.c.objc; path = ViewController.m; sourceTree = "<group>"; };
		9EA451FD28AFB9F66BDED9BC /* Pods.debug.xcconfig */ = {isa = PBXFileReference; includeInIndex = 1; lastKnownFileType = text.xcconfig; name = Pods.debug.xcconfig; path = "Pods/Target Support Files/Pods/Pods.debug.xcconfig"; sourceTree = "<group>"; };
		A597C407342E6ED987369B6E /* Pods.release.xcconfig */ = {isa = PBXFileReference; includeInIndex = 1; lastKnownFileType = text.xcconfig; name = Pods.release.xcconfig; path = "Pods/Target Support Files/Pods/Pods.release.xcconfig"; sourceTree = "<group>"; };
		CE51205883F40633FEDD15B7 /* Pods.framework */ = {isa = PBXFileReference; explicitFileType = wrapper.framework; includeInIndex = 0; path = Pods.framework; sourceTree = BUILT_PRODUCTS_DIR; };
/* End PBXFileReference section */

/* Begin PBXFrameworksBuildPhase section */
		146D72A91AB782920058798C /* Frameworks */ = {
			isa = PBXFrameworksBuildPhase;
			buildActionMask = 2147483647;
			files = (
				53716006C9F9FC175D1566A0 /* Pods.framework in Frameworks */,
			);
			runOnlyForDeploymentPostprocessing = 0;
		};
		14AED4381BD45460000984E4 /* Frameworks */ = {
			isa = PBXFrameworksBuildPhase;
			buildActionMask = 2147483647;
			files = (
				E09AE61043C33F459EE8B99C /* Pods.framework in Frameworks */,
			);
			runOnlyForDeploymentPostprocessing = 0;
		};
		14AED4501BD45468000984E4 /* Frameworks */ = {
			isa = PBXFrameworksBuildPhase;
			buildActionMask = 2147483647;
			files = (
				9E823F514C4D1836AE400441 /* Pods.framework in Frameworks */,
			);
			runOnlyForDeploymentPostprocessing = 0;
		};
/* End PBXFrameworksBuildPhase section */

/* Begin PBXGroup section */
		146D728A1AB782920058798C = {
			isa = PBXGroup;
			children = (
				14C136501AB7849300B7B07A /* Metadata */,
				14C1365B1AB784BC00B7B07A /* Source */,
				146D72AF1AB782920058798C /* Tests */,
				14AED43C1BD45460000984E4 /* DemoObjectiveC */,
				14AED4541BD45468000984E4 /* DemoSwift */,
				146D72941AB782920058798C /* Products */,
				DEA5C1034B8C853F84747395 /* Pods */,
				5B2D9D34B242383348AE0685 /* Frameworks */,
			);
			indentWidth = 4;
			sourceTree = "<group>";
			tabWidth = 4;
		};
		146D72941AB782920058798C /* Products */ = {
			isa = PBXGroup;
			children = (
				146D72AC1AB782920058798C /* Tests.xctest */,
				14AED43B1BD45460000984E4 /* DemoObjectiveC.app */,
				14AED4531BD45468000984E4 /* DemoSwift.app */,
			);
			name = Products;
			sourceTree = "<group>";
		};
		146D72AF1AB782920058798C /* Tests */ = {
			isa = PBXGroup;
			children = (
				14A3305E1BD450DE00E3CB23 /* Model.xcdatamodeld */,
				14A139B31AEFC72B00AD732F /* Tests.swift */,
				146D72B01AB782920058798C /* Supporting Files */,
			);
			path = Tests;
			sourceTree = "<group>";
		};
		146D72B01AB782920058798C /* Supporting Files */ = {
			isa = PBXGroup;
			children = (
				146D72B11AB782920058798C /* Info.plist */,
			);
			name = "Supporting Files";
			sourceTree = "<group>";
		};
		14AED43C1BD45460000984E4 /* DemoObjectiveC */ = {
			isa = PBXGroup;
			children = (
				14AED4401BD45460000984E4 /* AppDelegate.h */,
				14AED4411BD45460000984E4 /* AppDelegate.m */,
				14E50EA21BD4555400B7F17D /* ViewController.h */,
				14E50EA31BD4555400B7F17D /* ViewController.m */,
				14AED4461BD45460000984E4 /* Assets.xcassets */,
				14AED4481BD45460000984E4 /* LaunchScreen.storyboard */,
				14AED44B1BD45460000984E4 /* Info.plist */,
				14AED4431BD45460000984E4 /* DemoObjectiveC.xcdatamodeld */,
				14AED43D1BD45460000984E4 /* Supporting Files */,
			);
			path = DemoObjectiveC;
			sourceTree = "<group>";
		};
		14AED43D1BD45460000984E4 /* Supporting Files */ = {
			isa = PBXGroup;
			children = (
				14AED43E1BD45460000984E4 /* main.m */,
			);
			name = "Supporting Files";
			sourceTree = "<group>";
		};
		14AED4541BD45468000984E4 /* DemoSwift */ = {
			isa = PBXGroup;
			children = (
				14AED4551BD45468000984E4 /* AppDelegate.swift */,
				14684FA01BD4591C003F1D13 /* ViewController.swift */,
				14AED45A1BD45468000984E4 /* Assets.xcassets */,
				14AED45C1BD45468000984E4 /* LaunchScreen.storyboard */,
				14AED45F1BD45468000984E4 /* Info.plist */,
				14AED4571BD45468000984E4 /* DemoSwift.xcdatamodeld */,
			);
			path = DemoSwift;
			sourceTree = "<group>";
		};
		14C136501AB7849300B7B07A /* Metadata */ = {
			isa = PBXGroup;
			children = (
				14C136511AB784B200B7B07A /* .travis.yml */,
				14C136521AB784B200B7B07A /* CONTRIBUTING.md */,
				14C136541AB784B200B7B07A /* LICENSE.md */,
				14C136551AB784B200B7B07A /* README.md */,
			);
			name = Metadata;
			sourceTree = "<group>";
		};
		14C1365B1AB784BC00B7B07A /* Source */ = {
			isa = PBXGroup;
			children = (
				14AED4301BD451E1000984E4 /* DATAStack.swift */,
			);
			name = Source;
			path = ../Source;
			sourceTree = "<group>";
		};
		5B2D9D34B242383348AE0685 /* Frameworks */ = {
			isa = PBXGroup;
			children = (
				CE51205883F40633FEDD15B7 /* Pods.framework */,
			);
			name = Frameworks;
			sourceTree = "<group>";
		};
		DEA5C1034B8C853F84747395 /* Pods */ = {
			isa = PBXGroup;
			children = (
				9EA451FD28AFB9F66BDED9BC /* Pods.debug.xcconfig */,
				A597C407342E6ED987369B6E /* Pods.release.xcconfig */,
			);
			name = Pods;
			sourceTree = "<group>";
		};
/* End PBXGroup section */

/* Begin PBXNativeTarget section */
		146D72AB1AB782920058798C /* Tests */ = {
			isa = PBXNativeTarget;
			buildConfigurationList = 146D72B91AB782920058798C /* Build configuration list for PBXNativeTarget "Tests" */;
			buildPhases = (
				4056CA3684EB58D164220E00 /* Check Pods Manifest.lock */,
				146D72A81AB782920058798C /* Sources */,
				146D72A91AB782920058798C /* Frameworks */,
				146D72AA1AB782920058798C /* Resources */,
				5ED84225F4F688472C8BA17F /* Embed Pods Frameworks */,
				A15E25FEC1F0AEAFCF57EF78 /* Copy Pods Resources */,
			);
			buildRules = (
			);
			dependencies = (
			);
			name = Tests;
			productName = PodTests;
			productReference = 146D72AC1AB782920058798C /* Tests.xctest */;
			productType = "com.apple.product-type.bundle.unit-test";
		};
		14AED43A1BD45460000984E4 /* DemoObjectiveC */ = {
			isa = PBXNativeTarget;
			buildConfigurationList = 14AED44C1BD45460000984E4 /* Build configuration list for PBXNativeTarget "DemoObjectiveC" */;
			buildPhases = (
				7E9FDEFE01232AA6BD116BC4 /* Check Pods Manifest.lock */,
				14AED4371BD45460000984E4 /* Sources */,
				14AED4381BD45460000984E4 /* Frameworks */,
				14AED4391BD45460000984E4 /* Resources */,
				D5206DBCE6482055B32D7672 /* Embed Pods Frameworks */,
				97D7F6292CE9C7205A82A4DD /* Copy Pods Resources */,
			);
			buildRules = (
			);
			dependencies = (
			);
			name = DemoObjectiveC;
			productName = DemoObjectiveC;
			productReference = 14AED43B1BD45460000984E4 /* DemoObjectiveC.app */;
			productType = "com.apple.product-type.application";
		};
		14AED4521BD45468000984E4 /* DemoSwift */ = {
			isa = PBXNativeTarget;
			buildConfigurationList = 14AED4601BD45468000984E4 /* Build configuration list for PBXNativeTarget "DemoSwift" */;
			buildPhases = (
				CEE485283841DB99FB61AE5F /* Check Pods Manifest.lock */,
				14AED44F1BD45468000984E4 /* Sources */,
				14AED4501BD45468000984E4 /* Frameworks */,
				14AED4511BD45468000984E4 /* Resources */,
				BF1DF7084E73F68847ED822D /* Embed Pods Frameworks */,
				36687CDE355652A67ECE5A27 /* Copy Pods Resources */,
			);
			buildRules = (
			);
			dependencies = (
			);
			name = DemoSwift;
			productName = DemoSwift;
			productReference = 14AED4531BD45468000984E4 /* DemoSwift.app */;
			productType = "com.apple.product-type.application";
		};
/* End PBXNativeTarget section */

/* Begin PBXProject section */
		146D728B1AB782920058798C /* Project object */ = {
			isa = PBXProject;
			attributes = {
				CLASSPREFIX = "";
				LastSwiftUpdateCheck = 0700;
				LastUpgradeCheck = 0700;
				ORGANIZATIONNAME = "";
				TargetAttributes = {
					146D72AB1AB782920058798C = {
						CreatedOnToolsVersion = 6.2;
					};
					14AED43A1BD45460000984E4 = {
						CreatedOnToolsVersion = 7.0.1;
					};
					14AED4521BD45468000984E4 = {
						CreatedOnToolsVersion = 7.0.1;
					};
				};
			};
			buildConfigurationList = 146D728E1AB782920058798C /* Build configuration list for PBXProject "Pod" */;
			compatibilityVersion = "Xcode 3.2";
			developmentRegion = English;
			hasScannedForEncodings = 0;
			knownRegions = (
				en,
				Base,
			);
			mainGroup = 146D728A1AB782920058798C;
			productRefGroup = 146D72941AB782920058798C /* Products */;
			projectDirPath = "";
			projectRoot = "";
			targets = (
				146D72AB1AB782920058798C /* Tests */,
				14AED43A1BD45460000984E4 /* DemoObjectiveC */,
				14AED4521BD45468000984E4 /* DemoSwift */,
			);
		};
/* End PBXProject section */

/* Begin PBXResourcesBuildPhase section */
		146D72AA1AB782920058798C /* Resources */ = {
			isa = PBXResourcesBuildPhase;
			buildActionMask = 2147483647;
			files = (
			);
			runOnlyForDeploymentPostprocessing = 0;
		};
		14AED4391BD45460000984E4 /* Resources */ = {
			isa = PBXResourcesBuildPhase;
			buildActionMask = 2147483647;
			files = (
				14AED4471BD45460000984E4 /* Assets.xcassets in Resources */,
				14AED44A1BD45460000984E4 /* LaunchScreen.storyboard in Resources */,
			);
			runOnlyForDeploymentPostprocessing = 0;
		};
		14AED4511BD45468000984E4 /* Resources */ = {
			isa = PBXResourcesBuildPhase;
			buildActionMask = 2147483647;
			files = (
				14AED45B1BD45468000984E4 /* Assets.xcassets in Resources */,
				14AED45E1BD45468000984E4 /* LaunchScreen.storyboard in Resources */,
			);
			runOnlyForDeploymentPostprocessing = 0;
		};
/* End PBXResourcesBuildPhase section */

/* Begin PBXShellScriptBuildPhase section */
		36687CDE355652A67ECE5A27 /* Copy Pods Resources */ = {
			isa = PBXShellScriptBuildPhase;
			buildActionMask = 2147483647;
			files = (
			);
			inputPaths = (
			);
			name = "Copy Pods Resources";
			outputPaths = (
			);
			runOnlyForDeploymentPostprocessing = 0;
			shellPath = /bin/sh;
			shellScript = "\"${SRCROOT}/Pods/Target Support Files/Pods/Pods-resources.sh\"\n";
			showEnvVarsInLog = 0;
		};
		4056CA3684EB58D164220E00 /* Check Pods Manifest.lock */ = {
			isa = PBXShellScriptBuildPhase;
			buildActionMask = 2147483647;
			files = (
			);
			inputPaths = (
			);
			name = "Check Pods Manifest.lock";
			outputPaths = (
			);
			runOnlyForDeploymentPostprocessing = 0;
			shellPath = /bin/sh;
			shellScript = "diff \"${PODS_ROOT}/../Podfile.lock\" \"${PODS_ROOT}/Manifest.lock\" > /dev/null\nif [[ $? != 0 ]] ; then\n    cat << EOM\nerror: The sandbox is not in sync with the Podfile.lock. Run 'pod install' or update your CocoaPods installation.\nEOM\n    exit 1\nfi\n";
			showEnvVarsInLog = 0;
		};
		5ED84225F4F688472C8BA17F /* Embed Pods Frameworks */ = {
			isa = PBXShellScriptBuildPhase;
			buildActionMask = 2147483647;
			files = (
			);
			inputPaths = (
			);
			name = "Embed Pods Frameworks";
			outputPaths = (
			);
			runOnlyForDeploymentPostprocessing = 0;
			shellPath = /bin/sh;
			shellScript = "\"${SRCROOT}/Pods/Target Support Files/Pods/Pods-frameworks.sh\"\n";
			showEnvVarsInLog = 0;
		};
		7E9FDEFE01232AA6BD116BC4 /* Check Pods Manifest.lock */ = {
			isa = PBXShellScriptBuildPhase;
			buildActionMask = 2147483647;
			files = (
			);
			inputPaths = (
			);
			name = "Check Pods Manifest.lock";
			outputPaths = (
			);
			runOnlyForDeploymentPostprocessing = 0;
			shellPath = /bin/sh;
			shellScript = "diff \"${PODS_ROOT}/../Podfile.lock\" \"${PODS_ROOT}/Manifest.lock\" > /dev/null\nif [[ $? != 0 ]] ; then\n    cat << EOM\nerror: The sandbox is not in sync with the Podfile.lock. Run 'pod install' or update your CocoaPods installation.\nEOM\n    exit 1\nfi\n";
			showEnvVarsInLog = 0;
		};
		97D7F6292CE9C7205A82A4DD /* Copy Pods Resources */ = {
			isa = PBXShellScriptBuildPhase;
			buildActionMask = 2147483647;
			files = (
			);
			inputPaths = (
			);
			name = "Copy Pods Resources";
			outputPaths = (
			);
			runOnlyForDeploymentPostprocessing = 0;
			shellPath = /bin/sh;
			shellScript = "\"${SRCROOT}/Pods/Target Support Files/Pods/Pods-resources.sh\"\n";
			showEnvVarsInLog = 0;
		};
		A15E25FEC1F0AEAFCF57EF78 /* Copy Pods Resources */ = {
			isa = PBXShellScriptBuildPhase;
			buildActionMask = 2147483647;
			files = (
			);
			inputPaths = (
			);
			name = "Copy Pods Resources";
			outputPaths = (
			);
			runOnlyForDeploymentPostprocessing = 0;
			shellPath = /bin/sh;
			shellScript = "\"${SRCROOT}/Pods/Target Support Files/Pods/Pods-resources.sh\"\n";
			showEnvVarsInLog = 0;
		};
		BF1DF7084E73F68847ED822D /* Embed Pods Frameworks */ = {
			isa = PBXShellScriptBuildPhase;
			buildActionMask = 2147483647;
			files = (
			);
			inputPaths = (
			);
			name = "Embed Pods Frameworks";
			outputPaths = (
			);
			runOnlyForDeploymentPostprocessing = 0;
			shellPath = /bin/sh;
			shellScript = "\"${SRCROOT}/Pods/Target Support Files/Pods/Pods-frameworks.sh\"\n";
			showEnvVarsInLog = 0;
		};
		CEE485283841DB99FB61AE5F /* Check Pods Manifest.lock */ = {
			isa = PBXShellScriptBuildPhase;
			buildActionMask = 2147483647;
			files = (
			);
			inputPaths = (
			);
			name = "Check Pods Manifest.lock";
			outputPaths = (
			);
			runOnlyForDeploymentPostprocessing = 0;
			shellPath = /bin/sh;
			shellScript = "diff \"${PODS_ROOT}/../Podfile.lock\" \"${PODS_ROOT}/Manifest.lock\" > /dev/null\nif [[ $? != 0 ]] ; then\n    cat << EOM\nerror: The sandbox is not in sync with the Podfile.lock. Run 'pod install' or update your CocoaPods installation.\nEOM\n    exit 1\nfi\n";
			showEnvVarsInLog = 0;
		};
		D5206DBCE6482055B32D7672 /* Embed Pods Frameworks */ = {
			isa = PBXShellScriptBuildPhase;
			buildActionMask = 2147483647;
			files = (
			);
			inputPaths = (
			);
			name = "Embed Pods Frameworks";
			outputPaths = (
			);
			runOnlyForDeploymentPostprocessing = 0;
			shellPath = /bin/sh;
			shellScript = "\"${SRCROOT}/Pods/Target Support Files/Pods/Pods-frameworks.sh\"\n";
			showEnvVarsInLog = 0;
		};
/* End PBXShellScriptBuildPhase section */

/* Begin PBXSourcesBuildPhase section */
		146D72A81AB782920058798C /* Sources */ = {
			isa = PBXSourcesBuildPhase;
			buildActionMask = 2147483647;
			files = (
				14A139B41AEFC72B00AD732F /* Tests.swift in Sources */,
				14A330601BD450DE00E3CB23 /* Model.xcdatamodeld in Sources */,
				14AED4311BD451E1000984E4 /* DATAStack.swift in Sources */,
			);
			runOnlyForDeploymentPostprocessing = 0;
		};
		14AED4371BD45460000984E4 /* Sources */ = {
			isa = PBXSourcesBuildPhase;
			buildActionMask = 2147483647;
			files = (
				14AED4421BD45460000984E4 /* AppDelegate.m in Sources */,
				14E50EA51BD455A600B7F17D /* DATAStack.swift in Sources */,
				14AED4451BD45460000984E4 /* DemoObjectiveC.xcdatamodeld in Sources */,
				14AED43F1BD45460000984E4 /* main.m in Sources */,
				14E50EA41BD4555400B7F17D /* ViewController.m in Sources */,
			);
			runOnlyForDeploymentPostprocessing = 0;
		};
		14AED44F1BD45468000984E4 /* Sources */ = {
			isa = PBXSourcesBuildPhase;
			buildActionMask = 2147483647;
			files = (
				14AED4591BD45468000984E4 /* DemoSwift.xcdatamodeld in Sources */,
				14AED4561BD45468000984E4 /* AppDelegate.swift in Sources */,
				14684FA11BD4591C003F1D13 /* ViewController.swift in Sources */,
				14E50EA61BD455A700B7F17D /* DATAStack.swift in Sources */,
			);
			runOnlyForDeploymentPostprocessing = 0;
		};
/* End PBXSourcesBuildPhase section */

/* Begin PBXVariantGroup section */
		14AED4481BD45460000984E4 /* LaunchScreen.storyboard */ = {
			isa = PBXVariantGroup;
			children = (
				14AED4491BD45460000984E4 /* Base */,
			);
			name = LaunchScreen.storyboard;
			sourceTree = "<group>";
		};
		14AED45C1BD45468000984E4 /* LaunchScreen.storyboard */ = {
			isa = PBXVariantGroup;
			children = (
				14AED45D1BD45468000984E4 /* Base */,
			);
			name = LaunchScreen.storyboard;
			sourceTree = "<group>";
		};
/* End PBXVariantGroup section */

/* Begin XCBuildConfiguration section */
		146D72B41AB782920058798C /* Debug */ = {
			isa = XCBuildConfiguration;
			buildSettings = {
				ALWAYS_SEARCH_USER_PATHS = NO;
				CLANG_CXX_LANGUAGE_STANDARD = "gnu++0x";
				CLANG_CXX_LIBRARY = "libc++";
				CLANG_ENABLE_MODULES = YES;
				CLANG_ENABLE_OBJC_ARC = YES;
				CLANG_WARN_BOOL_CONVERSION = YES;
				CLANG_WARN_CONSTANT_CONVERSION = YES;
				CLANG_WARN_DIRECT_OBJC_ISA_USAGE = YES_ERROR;
				CLANG_WARN_EMPTY_BODY = YES;
				CLANG_WARN_ENUM_CONVERSION = YES;
				CLANG_WARN_INT_CONVERSION = YES;
				CLANG_WARN_OBJC_ROOT_CLASS = YES_ERROR;
				CLANG_WARN_UNREACHABLE_CODE = YES;
				CLANG_WARN__DUPLICATE_METHOD_MATCH = YES;
				"CODE_SIGN_IDENTITY[sdk=iphoneos*]" = "iPhone Developer";
				COPY_PHASE_STRIP = NO;
				ENABLE_STRICT_OBJC_MSGSEND = YES;
				ENABLE_TESTABILITY = YES;
				GCC_C_LANGUAGE_STANDARD = gnu99;
				GCC_DYNAMIC_NO_PIC = NO;
				GCC_OPTIMIZATION_LEVEL = 0;
				GCC_PREPROCESSOR_DEFINITIONS = (
					"DEBUG=1",
					"$(inherited)",
				);
				GCC_SYMBOLS_PRIVATE_EXTERN = NO;
				GCC_WARN_64_TO_32_BIT_CONVERSION = YES;
				GCC_WARN_ABOUT_RETURN_TYPE = YES_ERROR;
				GCC_WARN_UNDECLARED_SELECTOR = YES;
				GCC_WARN_UNINITIALIZED_AUTOS = YES_AGGRESSIVE;
				GCC_WARN_UNUSED_FUNCTION = YES;
				GCC_WARN_UNUSED_VARIABLE = YES;
				IPHONEOS_DEPLOYMENT_TARGET = 8.0;
				MTL_ENABLE_DEBUG_INFO = YES;
				ONLY_ACTIVE_ARCH = YES;
				SDKROOT = iphoneos;
			};
			name = Debug;
		};
		146D72B51AB782920058798C /* Release */ = {
			isa = XCBuildConfiguration;
			buildSettings = {
				ALWAYS_SEARCH_USER_PATHS = NO;
				CLANG_CXX_LANGUAGE_STANDARD = "gnu++0x";
				CLANG_CXX_LIBRARY = "libc++";
				CLANG_ENABLE_MODULES = YES;
				CLANG_ENABLE_OBJC_ARC = YES;
				CLANG_WARN_BOOL_CONVERSION = YES;
				CLANG_WARN_CONSTANT_CONVERSION = YES;
				CLANG_WARN_DIRECT_OBJC_ISA_USAGE = YES_ERROR;
				CLANG_WARN_EMPTY_BODY = YES;
				CLANG_WARN_ENUM_CONVERSION = YES;
				CLANG_WARN_INT_CONVERSION = YES;
				CLANG_WARN_OBJC_ROOT_CLASS = YES_ERROR;
				CLANG_WARN_UNREACHABLE_CODE = YES;
				CLANG_WARN__DUPLICATE_METHOD_MATCH = YES;
				"CODE_SIGN_IDENTITY[sdk=iphoneos*]" = "iPhone Developer";
				COPY_PHASE_STRIP = NO;
				ENABLE_NS_ASSERTIONS = NO;
				ENABLE_STRICT_OBJC_MSGSEND = YES;
				GCC_C_LANGUAGE_STANDARD = gnu99;
				GCC_WARN_64_TO_32_BIT_CONVERSION = YES;
				GCC_WARN_ABOUT_RETURN_TYPE = YES_ERROR;
				GCC_WARN_UNDECLARED_SELECTOR = YES;
				GCC_WARN_UNINITIALIZED_AUTOS = YES_AGGRESSIVE;
				GCC_WARN_UNUSED_FUNCTION = YES;
				GCC_WARN_UNUSED_VARIABLE = YES;
				IPHONEOS_DEPLOYMENT_TARGET = 8.0;
				MTL_ENABLE_DEBUG_INFO = NO;
				SDKROOT = iphoneos;
				VALIDATE_PRODUCT = YES;
			};
			name = Release;
		};
		146D72BA1AB782920058798C /* Debug */ = {
			isa = XCBuildConfiguration;
			baseConfigurationReference = 9EA451FD28AFB9F66BDED9BC /* Pods.debug.xcconfig */;
			buildSettings = {
				CLANG_ENABLE_MODULES = YES;
				FRAMEWORK_SEARCH_PATHS = "";
				GCC_PREPROCESSOR_DEFINITIONS = (
					"DEBUG=1",
					"$(inherited)",
				);
				INFOPLIST_FILE = Tests/Info.plist;
				LD_RUNPATH_SEARCH_PATHS = "$(inherited) @executable_path/Frameworks @loader_path/Frameworks";
				PRODUCT_BUNDLE_IDENTIFIER = "com.sample.$(PRODUCT_NAME:rfc1034identifier)";
				PRODUCT_NAME = "$(TARGET_NAME)";
				SWIFT_OPTIMIZATION_LEVEL = "-Onone";
			};
			name = Debug;
		};
		146D72BB1AB782920058798C /* Release */ = {
			isa = XCBuildConfiguration;
			baseConfigurationReference = A597C407342E6ED987369B6E /* Pods.release.xcconfig */;
			buildSettings = {
				CLANG_ENABLE_MODULES = YES;
				FRAMEWORK_SEARCH_PATHS = "";
				INFOPLIST_FILE = Tests/Info.plist;
				LD_RUNPATH_SEARCH_PATHS = "$(inherited) @executable_path/Frameworks @loader_path/Frameworks";
				PRODUCT_BUNDLE_IDENTIFIER = "com.sample.$(PRODUCT_NAME:rfc1034identifier)";
				PRODUCT_NAME = "$(TARGET_NAME)";
			};
			name = Release;
		};
		14AED44D1BD45460000984E4 /* Debug */ = {
			isa = XCBuildConfiguration;
			baseConfigurationReference = 9EA451FD28AFB9F66BDED9BC /* Pods.debug.xcconfig */;
			buildSettings = {
				ASSETCATALOG_COMPILER_APPICON_NAME = AppIcon;
				DEBUG_INFORMATION_FORMAT = dwarf;
				GCC_NO_COMMON_BLOCKS = YES;
				INFOPLIST_FILE = DemoObjectiveC/Info.plist;
				IPHONEOS_DEPLOYMENT_TARGET = 9.0;
				LD_RUNPATH_SEARCH_PATHS = "$(inherited) @executable_path/Frameworks";
				PRODUCT_BUNDLE_IDENTIFIER = x.DemoObjectiveC;
				PRODUCT_NAME = "$(TARGET_NAME)";
			};
			name = Debug;
		};
		14AED44E1BD45460000984E4 /* Release */ = {
			isa = XCBuildConfiguration;
			baseConfigurationReference = A597C407342E6ED987369B6E /* Pods.release.xcconfig */;
			buildSettings = {
				ASSETCATALOG_COMPILER_APPICON_NAME = AppIcon;
				DEBUG_INFORMATION_FORMAT = "dwarf-with-dsym";
				GCC_NO_COMMON_BLOCKS = YES;
				INFOPLIST_FILE = DemoObjectiveC/Info.plist;
				IPHONEOS_DEPLOYMENT_TARGET = 9.0;
				LD_RUNPATH_SEARCH_PATHS = "$(inherited) @executable_path/Frameworks";
				PRODUCT_BUNDLE_IDENTIFIER = x.DemoObjectiveC;
				PRODUCT_NAME = "$(TARGET_NAME)";
			};
			name = Release;
		};
		14AED4611BD45468000984E4 /* Debug */ = {
			isa = XCBuildConfiguration;
			baseConfigurationReference = 9EA451FD28AFB9F66BDED9BC /* Pods.debug.xcconfig */;
			buildSettings = {
				ASSETCATALOG_COMPILER_APPICON_NAME = AppIcon;
				DEBUG_INFORMATION_FORMAT = dwarf;
				GCC_NO_COMMON_BLOCKS = YES;
				INFOPLIST_FILE = DemoSwift/Info.plist;
				IPHONEOS_DEPLOYMENT_TARGET = 9.0;
				LD_RUNPATH_SEARCH_PATHS = "$(inherited) @executable_path/Frameworks";
				PRODUCT_BUNDLE_IDENTIFIER = x.DemoSwift;
				PRODUCT_NAME = "$(TARGET_NAME)";
				SWIFT_OPTIMIZATION_LEVEL = "-Onone";
			};
			name = Debug;
		};
		14AED4621BD45468000984E4 /* Release */ = {
			isa = XCBuildConfiguration;
			baseConfigurationReference = A597C407342E6ED987369B6E /* Pods.release.xcconfig */;
			buildSettings = {
				ASSETCATALOG_COMPILER_APPICON_NAME = AppIcon;
				DEBUG_INFORMATION_FORMAT = "dwarf-with-dsym";
				GCC_NO_COMMON_BLOCKS = YES;
				INFOPLIST_FILE = DemoSwift/Info.plist;
				IPHONEOS_DEPLOYMENT_TARGET = 9.0;
				LD_RUNPATH_SEARCH_PATHS = "$(inherited) @executable_path/Frameworks";
				PRODUCT_BUNDLE_IDENTIFIER = x.DemoSwift;
				PRODUCT_NAME = "$(TARGET_NAME)";
			};
			name = Release;
		};
/* End XCBuildConfiguration section */

/* Begin XCConfigurationList section */
		146D728E1AB782920058798C /* Build configuration list for PBXProject "Pod" */ = {
			isa = XCConfigurationList;
			buildConfigurations = (
				146D72B41AB782920058798C /* Debug */,
				146D72B51AB782920058798C /* Release */,
			);
			defaultConfigurationIsVisible = 0;
			defaultConfigurationName = Release;
		};
		146D72B91AB782920058798C /* Build configuration list for PBXNativeTarget "Tests" */ = {
			isa = XCConfigurationList;
			buildConfigurations = (
				146D72BA1AB782920058798C /* Debug */,
				146D72BB1AB782920058798C /* Release */,
			);
			defaultConfigurationIsVisible = 0;
			defaultConfigurationName = Release;
		};
		14AED44C1BD45460000984E4 /* Build configuration list for PBXNativeTarget "DemoObjectiveC" */ = {
			isa = XCConfigurationList;
			buildConfigurations = (
				14AED44D1BD45460000984E4 /* Debug */,
				14AED44E1BD45460000984E4 /* Release */,
			);
			defaultConfigurationIsVisible = 0;
			defaultConfigurationName = Release;
		};
		14AED4601BD45468000984E4 /* Build configuration list for PBXNativeTarget "DemoSwift" */ = {
			isa = XCConfigurationList;
			buildConfigurations = (
				14AED4611BD45468000984E4 /* Debug */,
				14AED4621BD45468000984E4 /* Release */,
			);
			defaultConfigurationIsVisible = 0;
			defaultConfigurationName = Release;
		};
/* End XCConfigurationList section */

/* Begin XCVersionGroup section */
		14A3305E1BD450DE00E3CB23 /* Model.xcdatamodeld */ = {
			isa = XCVersionGroup;
			children = (
				14A3305F1BD450DE00E3CB23 /* Model.xcdatamodel */,
			);
			currentVersion = 14A3305F1BD450DE00E3CB23 /* Model.xcdatamodel */;
			path = Model.xcdatamodeld;
			sourceTree = "<group>";
			versionGroupType = wrapper.xcdatamodel;
		};
		14AED4431BD45460000984E4 /* DemoObjectiveC.xcdatamodeld */ = {
			isa = XCVersionGroup;
			children = (
				14AED4441BD45460000984E4 /* DemoObjectiveC.xcdatamodel */,
			);
			currentVersion = 14AED4441BD45460000984E4 /* DemoObjectiveC.xcdatamodel */;
			path = DemoObjectiveC.xcdatamodeld;
			sourceTree = "<group>";
			versionGroupType = wrapper.xcdatamodel;
		};
		14AED4571BD45468000984E4 /* DemoSwift.xcdatamodeld */ = {
			isa = XCVersionGroup;
			children = (
				14AED4581BD45468000984E4 /* DemoSwift.xcdatamodel */,
			);
			currentVersion = 14AED4581BD45468000984E4 /* DemoSwift.xcdatamodel */;
			path = DemoSwift.xcdatamodeld;
			sourceTree = "<group>";
			versionGroupType = wrapper.xcdatamodel;
		};
/* End XCVersionGroup section */
	};
	rootObject = 146D728B1AB782920058798C /* Project object */;
}
