PODS:
  - DATASource (6.0.0-beta1)

DEPENDENCIES:
  - DATASource (from `git@github.com:3lvis/DATASource.git`, branch `feature/swift-3`)

EXTERNAL SOURCES:
  DATASource:
    :branch: feature/swift-3
    :git: git@github.com:3lvis/DATASource.git

CHECKOUT OPTIONS:
  DATASource:
    :commit: db7ee8b241cc596930c44a0bc8a41b9d582a4fb5
    :git: git@github.com:3lvis/DATASource.git

SPEC CHECKSUMS:
  DATASource: 49dd4063eeb81657572362eea7e3aa9b3d921c68

PODFILE CHECKSUM: 7d2705294ed1eeb9f4aa86e74dd3aa885ccc81c3

COCOAPODS: 1.1.0.rc.2
