// !$*UTF8*$!
{
	archiveVersion = 1;
	classes = {
	};
	objectVersion = 46;
	objects = {

/* Begin PBXBuildFile section */
		144906BD18DB9ACD00963063 /* _Task.m in Sources */ = {isa = PBXBuildFile; fileRef = 144906BA18DB9ACD00963063 /* _Task.m */; };
		144906BE18DB9ACD00963063 /* Task.m in Sources */ = {isa = PBXBuildFile; fileRef = 144906BC18DB9ACD00963063 /* Task.m */; };
		144906C218DB9B5900963063 /* ANDYMainTableViewController.m in Sources */ = {isa = PBXBuildFile; fileRef = 144906C118DB9B5900963063 /* ANDYMainTableViewController.m */; };
		1454ABCB1A8CDA8D00412208 /* DATAStack.m in Sources */ = {isa = PBXBuildFile; fileRef = 1454ABCA1A8CDA8D00412208 /* DATAStack.m */; };
		145DEB7F18DB869500830181 /* Foundation.framework in Frameworks */ = {isa = PBXBuildFile; fileRef = 145DEB7E18DB869500830181 /* Foundation.framework */; };
		145DEB8118DB869500830181 /* CoreGraphics.framework in Frameworks */ = {isa = PBXBuildFile; fileRef = 145DEB8018DB869500830181 /* CoreGraphics.framework */; };
		145DEB8318DB869500830181 /* UIKit.framework in Frameworks */ = {isa = PBXBuildFile; fileRef = 145DEB8218DB869500830181 /* UIKit.framework */; };
		145DEB8518DB869500830181 /* CoreData.framework in Frameworks */ = {isa = PBXBuildFile; fileRef = 145DEB8418DB869500830181 /* CoreData.framework */; };
		145DEB8B18DB869500830181 /* InfoPlist.strings in Resources */ = {isa = PBXBuildFile; fileRef = 145DEB8918DB869500830181 /* InfoPlist.strings */; };
		145DEB8D18DB869500830181 /* main.m in Sources */ = {isa = PBXBuildFile; fileRef = 145DEB8C18DB869500830181 /* main.m */; };
		145DEB9418DB869500830181 /* Demo.xcdatamodeld in Sources */ = {isa = PBXBuildFile; fileRef = 145DEB9218DB869500830181 /* Demo.xcdatamodeld */; };
		145DEB9618DB869500830181 /* Images.xcassets in Resources */ = {isa = PBXBuildFile; fileRef = 145DEB9518DB869500830181 /* Images.xcassets */; };
		145DEBBE18DB86CD00830181 /* ANDYAppDelegate.m in Sources */ = {isa = PBXBuildFile; fileRef = 145DEBBB18DB86CD00830181 /* ANDYAppDelegate.m */; };
		4AAF092227104539808448D7 /* libPods.a in Frameworks */ = {isa = PBXBuildFile; fileRef = CF32EF5382804A76BD0E9E65 /* libPods.a */; };
/* End PBXBuildFile section */

/* Begin PBXFileReference section */
		144906B918DB9ACD00963063 /* _Task.h */ = {isa = PBXFileReference; fileEncoding = 4; lastKnownFileType = sourcecode.c.h; path = _Task.h; sourceTree = "<group>"; };
		144906BA18DB9ACD00963063 /* _Task.m */ = {isa = PBXFileReference; fileEncoding = 4; lastKnownFileType = sourcecode.c.objc; path = _Task.m; sourceTree = "<group>"; };
		144906BB18DB9ACD00963063 /* Task.h */ = {isa = PBXFileReference; fileEncoding = 4; lastKnownFileType = sourcecode.c.h; path = Task.h; sourceTree = "<group>"; };
		144906BC18DB9ACD00963063 /* Task.m */ = {isa = PBXFileReference; fileEncoding = 4; lastKnownFileType = sourcecode.c.objc; path = Task.m; sourceTree = "<group>"; };
		144906C018DB9B5900963063 /* ANDYMainTableViewController.h */ = {isa = PBXFileReference; fileEncoding = 4; lastKnownFileType = sourcecode.c.h; path = ANDYMainTableViewController.h; sourceTree = "<group>"; };
		144906C118DB9B5900963063 /* ANDYMainTableViewController.m */ = {isa = PBXFileReference; fileEncoding = 4; lastKnownFileType = sourcecode.c.objc; path = ANDYMainTableViewController.m; sourceTree = "<group>"; };
		1454ABC91A8CDA8D00412208 /* DATAStack.h */ = {isa = PBXFileReference; fileEncoding = 4; lastKnownFileType = sourcecode.c.h; path = DATAStack.h; sourceTree = "<group>"; };
		1454ABCA1A8CDA8D00412208 /* DATAStack.m */ = {isa = PBXFileReference; fileEncoding = 4; lastKnownFileType = sourcecode.c.objc; path = DATAStack.m; sourceTree = "<group>"; };
		145DEB7B18DB869500830181 /* Demo.app */ = {isa = PBXFileReference; explicitFileType = wrapper.application; includeInIndex = 0; path = Demo.app; sourceTree = BUILT_PRODUCTS_DIR; };
		145DEB7E18DB869500830181 /* Foundation.framework */ = {isa = PBXFileReference; lastKnownFileType = wrapper.framework; name = Foundation.framework; path = System/Library/Frameworks/Foundation.framework; sourceTree = SDKROOT; };
		145DEB8018DB869500830181 /* CoreGraphics.framework */ = {isa = PBXFileReference; lastKnownFileType = wrapper.framework; name = CoreGraphics.framework; path = System/Library/Frameworks/CoreGraphics.framework; sourceTree = SDKROOT; };
		145DEB8218DB869500830181 /* UIKit.framework */ = {isa = PBXFileReference; lastKnownFileType = wrapper.framework; name = UIKit.framework; path = System/Library/Frameworks/UIKit.framework; sourceTree = SDKROOT; };
		145DEB8418DB869500830181 /* CoreData.framework */ = {isa = PBXFileReference; lastKnownFileType = wrapper.framework; name = CoreData.framework; path = System/Library/Frameworks/CoreData.framework; sourceTree = SDKROOT; };
		145DEB8818DB869500830181 /* Demo-Info.plist */ = {isa = PBXFileReference; lastKnownFileType = text.plist.xml; path = "Demo-Info.plist"; sourceTree = "<group>"; };
		145DEB8A18DB869500830181 /* en */ = {isa = PBXFileReference; lastKnownFileType = text.plist.strings; name = en; path = en.lproj/InfoPlist.strings; sourceTree = "<group>"; };
		145DEB8C18DB869500830181 /* main.m */ = {isa = PBXFileReference; lastKnownFileType = sourcecode.c.objc; path = main.m; sourceTree = "<group>"; };
		145DEB8E18DB869500830181 /* Demo-Prefix.pch */ = {isa = PBXFileReference; lastKnownFileType = sourcecode.c.h; path = "Demo-Prefix.pch"; sourceTree = "<group>"; };
		145DEB9318DB869500830181 /* Demo.xcdatamodel */ = {isa = PBXFileReference; lastKnownFileType = wrapper.xcdatamodel; path = Demo.xcdatamodel; sourceTree = "<group>"; };
		145DEB9518DB869500830181 /* Images.xcassets */ = {isa = PBXFileReference; lastKnownFileType = folder.assetcatalog; path = Images.xcassets; sourceTree = "<group>"; };
		145DEB9C18DB869500830181 /* XCTest.framework */ = {isa = PBXFileReference; lastKnownFileType = wrapper.framework; name = XCTest.framework; path = Library/Frameworks/XCTest.framework; sourceTree = DEVELOPER_DIR; };
		145DEBBA18DB86CD00830181 /* ANDYAppDelegate.h */ = {isa = PBXFileReference; fileEncoding = 4; lastKnownFileType = sourcecode.c.h; path = ANDYAppDelegate.h; sourceTree = "<group>"; };
		145DEBBB18DB86CD00830181 /* ANDYAppDelegate.m */ = {isa = PBXFileReference; fileEncoding = 4; lastKnownFileType = sourcecode.c.objc; path = ANDYAppDelegate.m; sourceTree = "<group>"; };
		38F82A25AF2D9D0AFAEA8487 /* Pods.debug.xcconfig */ = {isa = PBXFileReference; includeInIndex = 1; lastKnownFileType = text.xcconfig; name = Pods.debug.xcconfig; path = "Pods/Target Support Files/Pods/Pods.debug.xcconfig"; sourceTree = "<group>"; };
		AA59B627DD3AAAF9B5BF7969 /* Pods.release.xcconfig */ = {isa = PBXFileReference; includeInIndex = 1; lastKnownFileType = text.xcconfig; name = Pods.release.xcconfig; path = "Pods/Target Support Files/Pods/Pods.release.xcconfig"; sourceTree = "<group>"; };
		CF32EF5382804A76BD0E9E65 /* libPods.a */ = {isa = PBXFileReference; explicitFileType = archive.ar; includeInIndex = 0; path = libPods.a; sourceTree = BUILT_PRODUCTS_DIR; };
/* End PBXFileReference section */

/* Begin PBXFrameworksBuildPhase section */
		145DEB7818DB869500830181 /* Frameworks */ = {
			isa = PBXFrameworksBuildPhase;
			buildActionMask = 2147483647;
			files = (
				145DEB8118DB869500830181 /* CoreGraphics.framework in Frameworks */,
				145DEB8518DB869500830181 /* CoreData.framework in Frameworks */,
				145DEB8318DB869500830181 /* UIKit.framework in Frameworks */,
				145DEB7F18DB869500830181 /* Foundation.framework in Frameworks */,
				4AAF092227104539808448D7 /* libPods.a in Frameworks */,
			);
			runOnlyForDeploymentPostprocessing = 0;
		};
/* End PBXFrameworksBuildPhase section */

/* Begin PBXGroup section */
		144906BF18DB9AD100963063 /* Autogenerated */ = {
			isa = PBXGroup;
			children = (
				144906B918DB9ACD00963063 /* _Task.h */,
				144906BA18DB9ACD00963063 /* _Task.m */,
			);
			name = Autogenerated;
			sourceTree = "<group>";
		};
		1454ABC81A8CDA8D00412208 /* Source */ = {
			isa = PBXGroup;
			children = (
				1454ABC91A8CDA8D00412208 /* DATAStack.h */,
				1454ABCA1A8CDA8D00412208 /* DATAStack.m */,
			);
			name = Source;
			path = ../Source;
			sourceTree = "<group>";
		};
		145DEB7218DB869500830181 = {
			isa = PBXGroup;
			children = (
				1454ABC81A8CDA8D00412208 /* Source */,
				145DEB8618DB869500830181 /* Demo */,
				145DEB7D18DB869500830181 /* Frameworks */,
				145DEB7C18DB869500830181 /* Products */,
				E802C3391A0242A30C902E25 /* Pods */,
			);
			sourceTree = "<group>";
		};
		145DEB7C18DB869500830181 /* Products */ = {
			isa = PBXGroup;
			children = (
				145DEB7B18DB869500830181 /* Demo.app */,
			);
			name = Products;
			sourceTree = "<group>";
		};
		145DEB7D18DB869500830181 /* Frameworks */ = {
			isa = PBXGroup;
			children = (
				145DEB7E18DB869500830181 /* Foundation.framework */,
				145DEB8018DB869500830181 /* CoreGraphics.framework */,
				145DEB8218DB869500830181 /* UIKit.framework */,
				145DEB8418DB869500830181 /* CoreData.framework */,
				145DEB9C18DB869500830181 /* XCTest.framework */,
				CF32EF5382804A76BD0E9E65 /* libPods.a */,
			);
			name = Frameworks;
			sourceTree = "<group>";
		};
		145DEB8618DB869500830181 /* Demo */ = {
			isa = PBXGroup;
			children = (
				145DEBB918DB86CD00830181 /* AppDelegate */,
				145DEBBC18DB86CD00830181 /* Controllers */,
				145DEBBD18DB86CD00830181 /* Model */,
				145DEB8718DB869500830181 /* Supporting Files */,
			);
			path = Demo;
			sourceTree = "<group>";
		};
		145DEB8718DB869500830181 /* Supporting Files */ = {
			isa = PBXGroup;
			children = (
				145DEB9518DB869500830181 /* Images.xcassets */,
				145DEB8818DB869500830181 /* Demo-Info.plist */,
				145DEB8918DB869500830181 /* InfoPlist.strings */,
				145DEB8C18DB869500830181 /* main.m */,
				145DEB8E18DB869500830181 /* Demo-Prefix.pch */,
			);
			name = "Supporting Files";
			sourceTree = "<group>";
		};
		145DEBB918DB86CD00830181 /* AppDelegate */ = {
			isa = PBXGroup;
			children = (
				145DEBBA18DB86CD00830181 /* ANDYAppDelegate.h */,
				145DEBBB18DB86CD00830181 /* ANDYAppDelegate.m */,
			);
			path = AppDelegate;
			sourceTree = "<group>";
		};
		145DEBBC18DB86CD00830181 /* Controllers */ = {
			isa = PBXGroup;
			children = (
				144906C018DB9B5900963063 /* ANDYMainTableViewController.h */,
				144906C118DB9B5900963063 /* ANDYMainTableViewController.m */,
			);
			path = Controllers;
			sourceTree = "<group>";
		};
		145DEBBD18DB86CD00830181 /* Model */ = {
			isa = PBXGroup;
			children = (
				144906BF18DB9AD100963063 /* Autogenerated */,
				144906BB18DB9ACD00963063 /* Task.h */,
				144906BC18DB9ACD00963063 /* Task.m */,
				145DEB9218DB869500830181 /* Demo.xcdatamodeld */,
			);
			path = Model;
			sourceTree = "<group>";
		};
		E802C3391A0242A30C902E25 /* Pods */ = {
			isa = PBXGroup;
			children = (
				38F82A25AF2D9D0AFAEA8487 /* Pods.debug.xcconfig */,
				AA59B627DD3AAAF9B5BF7969 /* Pods.release.xcconfig */,
			);
			name = Pods;
			sourceTree = "<group>";
		};
/* End PBXGroup section */

/* Begin PBXNativeTarget section */
		145DEB7A18DB869500830181 /* Demo */ = {
			isa = PBXNativeTarget;
			buildConfigurationList = 145DEBAD18DB869500830181 /* Build configuration list for PBXNativeTarget "Demo" */;
			buildPhases = (
				09958D9C9D1748898B91032C /* Check Pods Manifest.lock */,
				145DEB7718DB869500830181 /* Sources */,
				145DEB7818DB869500830181 /* Frameworks */,
				145DEB7918DB869500830181 /* Resources */,
				86AC48254EAE4842A39A3A32 /* Copy Pods Resources */,
			);
			buildRules = (
			);
			dependencies = (
			);
			name = Demo;
			productName = Demo;
			productReference = 145DEB7B18DB869500830181 /* Demo.app */;
			productType = "com.apple.product-type.application";
		};
/* End PBXNativeTarget section */

/* Begin PBXProject section */
		145DEB7318DB869500830181 /* Project object */ = {
			isa = PBXProject;
			attributes = {
				CLASSPREFIX = ANDY;
				LastUpgradeCheck = 0510;
				ORGANIZATIONNAME = Andy;
			};
			buildConfigurationList = 145DEB7618DB869500830181 /* Build configuration list for PBXProject "Demo" */;
			compatibilityVersion = "Xcode 3.2";
			developmentRegion = English;
			hasScannedForEncodings = 0;
			knownRegions = (
				en,
			);
			mainGroup = 145DEB7218DB869500830181;
			productRefGroup = 145DEB7C18DB869500830181 /* Products */;
			projectDirPath = "";
			projectRoot = "";
			targets = (
				145DEB7A18DB869500830181 /* Demo */,
			);
		};
/* End PBXProject section */

/* Begin PBXResourcesBuildPhase section */
		145DEB7918DB869500830181 /* Resources */ = {
			isa = PBXResourcesBuildPhase;
			buildActionMask = 2147483647;
			files = (
				145DEB8B18DB869500830181 /* InfoPlist.strings in Resources */,
				145DEB9618DB869500830181 /* Images.xcassets in Resources */,
			);
			runOnlyForDeploymentPostprocessing = 0;
		};
/* End PBXResourcesBuildPhase section */

/* Begin PBXShellScriptBuildPhase section */
		09958D9C9D1748898B91032C /* Check Pods Manifest.lock */ = {
			isa = PBXShellScriptBuildPhase;
			buildActionMask = 2147483647;
			files = (
			);
			inputPaths = (
			);
			name = "Check Pods Manifest.lock";
			outputPaths = (
			);
			runOnlyForDeploymentPostprocessing = 0;
			shellPath = /bin/sh;
			shellScript = "diff \"${PODS_ROOT}/../Podfile.lock\" \"${PODS_ROOT}/Manifest.lock\" > /dev/null\nif [[ $? != 0 ]] ; then\n    cat << EOM\nerror: The sandbox is not in sync with the Podfile.lock. Run 'pod install' or update your CocoaPods installation.\nEOM\n    exit 1\nfi\n";
			showEnvVarsInLog = 0;
		};
		86AC48254EAE4842A39A3A32 /* Copy Pods Resources */ = {
			isa = PBXShellScriptBuildPhase;
			buildActionMask = 2147483647;
			files = (
			);
			inputPaths = (
			);
			name = "Copy Pods Resources";
			outputPaths = (
			);
			runOnlyForDeploymentPostprocessing = 0;
			shellPath = /bin/sh;
			shellScript = "\"${SRCROOT}/Pods/Target Support Files/Pods/Pods-resources.sh\"\n";
			showEnvVarsInLog = 0;
		};
/* End PBXShellScriptBuildPhase section */

/* Begin PBXSourcesBuildPhase section */
		145DEB7718DB869500830181 /* Sources */ = {
			isa = PBXSourcesBuildPhase;
			buildActionMask = 2147483647;
			files = (
				144906C218DB9B5900963063 /* ANDYMainTableViewController.m in Sources */,
				145DEB9418DB869500830181 /* Demo.xcdatamodeld in Sources */,
				144906BD18DB9ACD00963063 /* _Task.m in Sources */,
				145DEBBE18DB86CD00830181 /* ANDYAppDelegate.m in Sources */,
				144906BE18DB9ACD00963063 /* Task.m in Sources */,
				145DEB8D18DB869500830181 /* main.m in Sources */,
				1454ABCB1A8CDA8D00412208 /* DATAStack.m in Sources */,
			);
			runOnlyForDeploymentPostprocessing = 0;
		};
/* End PBXSourcesBuildPhase section */

/* Begin PBXVariantGroup section */
		145DEB8918DB869500830181 /* InfoPlist.strings */ = {
			isa = PBXVariantGroup;
			children = (
				145DEB8A18DB869500830181 /* en */,
			);
			name = InfoPlist.strings;
			sourceTree = "<group>";
		};
/* End PBXVariantGroup section */

/* Begin XCBuildConfiguration section */
		145DEBAB18DB869500830181 /* Debug */ = {
			isa = XCBuildConfiguration;
			buildSettings = {
				ALWAYS_SEARCH_USER_PATHS = NO;
				CLANG_CXX_LANGUAGE_STANDARD = "gnu++0x";
				CLANG_CXX_LIBRARY = "libc++";
				CLANG_ENABLE_MODULES = YES;
				CLANG_ENABLE_OBJC_ARC = YES;
				CLANG_WARN_BOOL_CONVERSION = YES;
				CLANG_WARN_CONSTANT_CONVERSION = YES;
				CLANG_WARN_DIRECT_OBJC_ISA_USAGE = YES_ERROR;
				CLANG_WARN_EMPTY_BODY = YES;
				CLANG_WARN_ENUM_CONVERSION = YES;
				CLANG_WARN_INT_CONVERSION = YES;
				CLANG_WARN_OBJC_ROOT_CLASS = YES_ERROR;
				CLANG_WARN__DUPLICATE_METHOD_MATCH = YES;
				"CODE_SIGN_IDENTITY[sdk=iphoneos*]" = "iPhone Developer";
				COPY_PHASE_STRIP = NO;
				GCC_C_LANGUAGE_STANDARD = gnu99;
				GCC_DYNAMIC_NO_PIC = NO;
				GCC_OPTIMIZATION_LEVEL = 0;
				GCC_PREPROCESSOR_DEFINITIONS = (
					"DEBUG=1",
					"$(inherited)",
				);
				GCC_SYMBOLS_PRIVATE_EXTERN = NO;
				GCC_WARN_64_TO_32_BIT_CONVERSION = YES;
				GCC_WARN_ABOUT_RETURN_TYPE = YES_ERROR;
				GCC_WARN_UNDECLARED_SELECTOR = YES;
				GCC_WARN_UNINITIALIZED_AUTOS = YES_AGGRESSIVE;
				GCC_WARN_UNUSED_FUNCTION = YES;
				GCC_WARN_UNUSED_VARIABLE = YES;
				IPHONEOS_DEPLOYMENT_TARGET = 6.0;
				ONLY_ACTIVE_ARCH = YES;
				SDKROOT = iphoneos;
			};
			name = Debug;
		};
		145DEBAC18DB869500830181 /* Release */ = {
			isa = XCBuildConfiguration;
			buildSettings = {
				ALWAYS_SEARCH_USER_PATHS = NO;
				CLANG_CXX_LANGUAGE_STANDARD = "gnu++0x";
				CLANG_CXX_LIBRARY = "libc++";
				CLANG_ENABLE_MODULES = YES;
				CLANG_ENABLE_OBJC_ARC = YES;
				CLANG_WARN_BOOL_CONVERSION = YES;
				CLANG_WARN_CONSTANT_CONVERSION = YES;
				CLANG_WARN_DIRECT_OBJC_ISA_USAGE = YES_ERROR;
				CLANG_WARN_EMPTY_BODY = YES;
				CLANG_WARN_ENUM_CONVERSION = YES;
				CLANG_WARN_INT_CONVERSION = YES;
				CLANG_WARN_OBJC_ROOT_CLASS = YES_ERROR;
				CLANG_WARN__DUPLICATE_METHOD_MATCH = YES;
				"CODE_SIGN_IDENTITY[sdk=iphoneos*]" = "iPhone Developer";
				COPY_PHASE_STRIP = YES;
				ENABLE_NS_ASSERTIONS = NO;
				GCC_C_LANGUAGE_STANDARD = gnu99;
				GCC_WARN_64_TO_32_BIT_CONVERSION = YES;
				GCC_WARN_ABOUT_RETURN_TYPE = YES_ERROR;
				GCC_WARN_UNDECLARED_SELECTOR = YES;
				GCC_WARN_UNINITIALIZED_AUTOS = YES_AGGRESSIVE;
				GCC_WARN_UNUSED_FUNCTION = YES;
				GCC_WARN_UNUSED_VARIABLE = YES;
				IPHONEOS_DEPLOYMENT_TARGET = 6.0;
				SDKROOT = iphoneos;
				VALIDATE_PRODUCT = YES;
			};
			name = Release;
		};
		145DEBAE18DB869500830181 /* Debug */ = {
			isa = XCBuildConfiguration;
			baseConfigurationReference = 38F82A25AF2D9D0AFAEA8487 /* Pods.debug.xcconfig */;
			buildSettings = {
				ASSETCATALOG_COMPILER_APPICON_NAME = AppIcon;
				ASSETCATALOG_COMPILER_LAUNCHIMAGE_NAME = LaunchImage;
				CLANG_WARN_DOCUMENTATION_COMMENTS = YES;
				GCC_PRECOMPILE_PREFIX_HEADER = YES;
				GCC_PREFIX_HEADER = "Demo/Demo-Prefix.pch";
				INFOPLIST_FILE = "Demo/Demo-Info.plist";
				IPHONEOS_DEPLOYMENT_TARGET = 6.0;
				PRODUCT_NAME = "$(TARGET_NAME)";
				WARNING_CFLAGS = (
					"-Weverything",
					"-Wno-objc-missing-property-synthesis",
					"-Wno-gnu-conditional-omitted-operand",
				);
				WRAPPER_EXTENSION = app;
			};
			name = Debug;
		};
		145DEBAF18DB869500830181 /* Release */ = {
			isa = XCBuildConfiguration;
			baseConfigurationReference = AA59B627DD3AAAF9B5BF7969 /* Pods.release.xcconfig */;
			buildSettings = {
				ASSETCATALOG_COMPILER_APPICON_NAME = AppIcon;
				ASSETCATALOG_COMPILER_LAUNCHIMAGE_NAME = LaunchImage;
				CLANG_WARN_DOCUMENTATION_COMMENTS = YES;
				GCC_PRECOMPILE_PREFIX_HEADER = YES;
				GCC_PREFIX_HEADER = "Demo/Demo-Prefix.pch";
				INFOPLIST_FILE = "Demo/Demo-Info.plist";
				IPHONEOS_DEPLOYMENT_TARGET = 6.0;
				PRODUCT_NAME = "$(TARGET_NAME)";
				WARNING_CFLAGS = (
					"-Weverything",
					"-Wno-objc-missing-property-synthesis",
					"-Wno-gnu-conditional-omitted-operand",
				);
				WRAPPER_EXTENSION = app;
			};
			name = Release;
		};
/* End XCBuildConfiguration section */

/* Begin XCConfigurationList section */
		145DEB7618DB869500830181 /* Build configuration list for PBXProject "Demo" */ = {
			isa = XCConfigurationList;
			buildConfigurations = (
				145DEBAB18DB869500830181 /* Debug */,
				145DEBAC18DB869500830181 /* Release */,
			);
			defaultConfigurationIsVisible = 0;
			defaultConfigurationName = Release;
		};
		145DEBAD18DB869500830181 /* Build configuration list for PBXNativeTarget "Demo" */ = {
			isa = XCConfigurationList;
			buildConfigurations = (
				145DEBAE18DB869500830181 /* Debug */,
				145DEBAF18DB869500830181 /* Release */,
			);
			defaultConfigurationIsVisible = 0;
			defaultConfigurationName = Release;
		};
/* End XCConfigurationList section */

/* Begin XCVersionGroup section */
		145DEB9218DB869500830181 /* Demo.xcdatamodeld */ = {
			isa = XCVersionGroup;
			children = (
				145DEB9318DB869500830181 /* Demo.xcdatamodel */,
			);
			currentVersion = 145DEB9318DB869500830181 /* Demo.xcdatamodel */;
			name = Demo.xcdatamodeld;
			path = ../Demo.xcdatamodeld;
			sourceTree = "<group>";
			versionGroupType = wrapper.xcdatamodel;
		};
/* End XCVersionGroup section */
	};
	rootObject = 145DEB7318DB869500830181 /* Project object */;
}
